
Microsoft Visual Studio Solution File, Format Version 12.00
# Visual Studio Version 17
VisualStudioVersion = 17.9.34622.214
MinimumVisualStudioVersion = 10.0.40219.1
Project("{FAE04EC0-301F-11D3-BF4B-00C04F79EFBC}") = "ListTask", "ListTask\ListTask.csproj", "{F2B20D75-EA5B-4B17-85F6-BD86E3DC25F3}"
EndProject
Global
	GlobalSection(SolutionConfigurationPlatforms) = preSolution
		Debug|Any CPU = Debug|Any CPU
		Release|Any CPU = Release|Any CPU
	EndGlobalSection
	GlobalSection(ProjectConfigurationPlatforms) = postSolution
		{F2B20D75-EA5B-4B17-85F6-BD86E3DC25F3}.Debug|Any CPU.ActiveCfg = Debug|Any CPU
		{F2B20D75-EA5B-4B17-85F6-BD86E3DC25F3}.Debug|Any CPU.Build.0 = Debug|Any CPU
		{F2B20D75-EA5B-4B17-85F6-BD86E3DC25F3}.Release|Any CPU.ActiveCfg = Release|Any CPU
		{F2B20D75-EA5B-4B17-85F6-BD86E3DC25F3}.Release|Any CPU.Build.0 = Release|Any CPU
	EndGlobalSection
	GlobalSection(SolutionProperties) = preSolution
		HideSolutionNode = FALSE
	EndGlobalSection
	GlobalSection(ExtensibilityGlobals) = postSolution
		SolutionGuid = {C12AB038-A5B0-4F0E-9DFD-98819937219F}
	EndGlobalSection
EndGlobal
