
Microsoft Visual Studio Solution File, Format Version 12.00
# Visual Studio Version 17
VisualStudioVersion = 17.9.34622.214
MinimumVisualStudioVersion = 10.0.40219.1
Project("{9A19103F-16F7-4668-BE54-9A1E7A4F7556}") = "DogsApp", "DogsApp\DogsApp.csproj", "{B75B6DF2-24F4-424C-9957-D3461344BC23}"
	ProjectSection(ProjectDependencies) = postProject
		{EDD145D2-3982-49CC-AE88-FC05C8BE9650} = {EDD145D2-3982-49CC-AE88-FC05C8BE9650}
	EndProjectSection
EndProject
Project("{FAE04EC0-301F-11D3-BF4B-00C04F79EFBC}") = "DogsApp.Infrastructure", "DogsApp.Infrastructure\DogsApp.Infrastructure.csproj", "{EDD145D2-3982-49CC-AE88-FC05C8BE9650}"
EndProject
Global
	GlobalSection(SolutionConfigurationPlatforms) = preSolution
		Debug|Any CPU = Debug|Any CPU
		Release|Any CPU = Release|Any CPU
	EndGlobalSection
	GlobalSection(ProjectConfigurationPlatforms) = postSolution
		{B75B6DF2-24F4-424C-9957-D3461344BC23}.Debug|Any CPU.ActiveCfg = Debug|Any CPU
		{B75B6DF2-24F4-424C-9957-D3461344BC23}.Debug|Any CPU.Build.0 = Debug|Any CPU
		{B75B6DF2-24F4-424C-9957-D3461344BC23}.Release|Any CPU.ActiveCfg = Release|Any CPU
		{B75B6DF2-24F4-424C-9957-D3461344BC23}.Release|Any CPU.Build.0 = Release|Any CPU
		{EDD145D2-3982-49CC-AE88-FC05C8BE9650}.Debug|Any CPU.ActiveCfg = Debug|Any CPU
		{EDD145D2-3982-49CC-AE88-FC05C8BE9650}.Debug|Any CPU.Build.0 = Debug|Any CPU
		{EDD145D2-3982-49CC-AE88-FC05C8BE9650}.Release|Any CPU.ActiveCfg = Release|Any CPU
		{EDD145D2-3982-49CC-AE88-FC05C8BE9650}.Release|Any CPU.Build.0 = Release|Any CPU
	EndGlobalSection
	GlobalSection(SolutionProperties) = preSolution
		HideSolutionNode = FALSE
	EndGlobalSection
	GlobalSection(ExtensibilityGlobals) = postSolution
		SolutionGuid = {5046B01D-DAC9-492C-A176-392B49E05D8B}
	EndGlobalSection
EndGlobal
