
Microsoft Visual Studio Solution File, Format Version 12.00
# Visual Studio Version 17
VisualStudioVersion = 17.9.34622.214
MinimumVisualStudioVersion = 10.0.40219.1
Project("{FAE04EC0-301F-11D3-BF4B-00C04F79EFBC}") = "FiltriraneTask", "FiltriraneTask\FiltriraneTask.csproj", "{7CE76B7F-8E97-4DF8-B186-137E060551DC}"
EndProject
Global
	GlobalSection(SolutionConfigurationPlatforms) = preSolution
		Debug|Any CPU = Debug|Any CPU
		Release|Any CPU = Release|Any CPU
	EndGlobalSection
	GlobalSection(ProjectConfigurationPlatforms) = postSolution
		{7CE76B7F-8E97-4DF8-B186-137E060551DC}.Debug|Any CPU.ActiveCfg = Debug|Any CPU
		{7CE76B7F-8E97-4DF8-B186-137E060551DC}.Debug|Any CPU.Build.0 = Debug|Any CPU
		{7CE76B7F-8E97-4DF8-B186-137E060551DC}.Release|Any CPU.ActiveCfg = Release|Any CPU
		{7CE76B7F-8E97-4DF8-B186-137E060551DC}.Release|Any CPU.Build.0 = Release|Any CPU
	EndGlobalSection
	GlobalSection(SolutionProperties) = preSolution
		HideSolutionNode = FALSE
	EndGlobalSection
	GlobalSection(ExtensibilityGlobals) = postSolution
		SolutionGuid = {7D3999DE-0819-45F2-8FC9-81B96675DF7B}
	EndGlobalSection
EndGlobal
